PODS:
  - JSMessagesViewController (4.0.2):
    - JSQSystemSoundPlayer
  - JSQSystemSoundPlayer (1.4.0)

DEPENDENCIES:
  - JSMessagesViewController

SPEC CHECKSUMS:
  JSMessagesViewController: 901c4f7b805e0990705d92eee8069562ac85bf9b
  JSQSystemSoundPlayer: 28ccd01a92a0cebc6de6361e8499011b4cb6dab7

COCOAPODS: 0.31.1
